
Microsoft Visual Studio Solution File, Format Version 12.00
# Visual Studio Version 17
VisualStudioVersion = 17.10.35013.160
MinimumVisualStudioVersion = 10.0.40219.1
Project("{FAE04EC0-301F-11D3-BF4B-00C04F79EFBC}") = "QuizApplicationSystem", "QuizApplicationSystem.csproj", "{F2F01EA2-F695-4A41-ABC9-EC67888C5061}"
EndProject
Global
	GlobalSection(SolutionConfigurationPlatforms) = preSolution
		Debug|Any CPU = Debug|Any CPU
		Release|Any CPU = Release|Any CPU
	EndGlobalSection
	GlobalSection(ProjectConfigurationPlatforms) = postSolution
		{F2F01EA2-F695-4A41-ABC9-EC67888C5061}.Debug|Any CPU.ActiveCfg = Debug|Any CPU
		{F2F01EA2-F695-4A41-ABC9-EC67888C5061}.Debug|Any CPU.Build.0 = Debug|Any CPU
		{F2F01EA2-F695-4A41-ABC9-EC67888C5061}.Release|Any CPU.ActiveCfg = Release|Any CPU
		{F2F01EA2-F695-4A41-ABC9-EC67888C5061}.Release|Any CPU.Build.0 = Release|Any CPU
	EndGlobalSection
	GlobalSection(SolutionProperties) = preSolution
		HideSolutionNode = FALSE
	EndGlobalSection
	GlobalSection(ExtensibilityGlobals) = postSolution
		SolutionGuid = {5014829C-B73C-4F7A-8847-1EAAC8DEEBBA}
	EndGlobalSection
EndGlobal
